Microsoft Visual Studio Solution File, Format Version 12.00
# Visual Studio Version 17
VisualStudioVersion = 17.5.2.0
MinimumVisualStudioVersion = 10.0.40219.1
Project("{FAE04EC0-301F-11D3-BF4B-00C04F79EFBC}") = "DSA-Algorithm-Practice", "DSA-Algorithm-Practice.csproj", "{90C80206-ED00-DFE6-370F-C8B364212579}"
EndProject
Global
	GlobalSection(SolutionConfigurationPlatforms) = preSolution
		Debug|Any CPU = Debug|Any CPU
		Release|Any CPU = Release|Any CPU
	EndGlobalSection
	GlobalSection(ProjectConfigurationPlatforms) = postSolution
		{90C80206-ED00-DFE6-370F-C8B364212579}.Debug|Any CPU.ActiveCfg = Debug|Any CPU
		{90C80206-ED00-DFE6-370F-C8B364212579}.Debug|Any CPU.Build.0 = Debug|Any CPU
		{90C80206-ED00-DFE6-370F-C8B364212579}.Release|Any CPU.ActiveCfg = Release|Any CPU
		{90C80206-ED00-DFE6-370F-C8B364212579}.Release|Any CPU.Build.0 = Release|Any CPU
	EndGlobalSection
	GlobalSection(SolutionProperties) = preSolution
		HideSolutionNode = FALSE
	EndGlobalSection
	GlobalSection(ExtensibilityGlobals) = postSolution
		SolutionGuid = {F4EBFAB9-61A9-48BE-B544-CE8784043D86}
	EndGlobalSection
EndGlobal
